{
  "requires": true,
  "lockfileVersion": 1,
  "dependencies": {
    "censorify_zht": {
      "version": "0.1.1",
      "resolved": "https://registry.npmjs.org/censorify_zht/-/censorify_zht-0.1.1.tgz",
      "integrity": "sha512-LWpeqcwtHiCRsF7Qd+NnEfL5PQxC6OIc/LYh4oXK1MvS33gz+GWf5uAcy1lwF5BLvB3T+GplrFViuZGy0PrheQ=="
    }
  }
}
